
Microsoft Visual Studio Solution File, Format Version 12.00
# Visual Studio 14
VisualStudioVersion = 14.0.25420.1
MinimumVisualStudioVersion = 10.0.40219.1
Project("{FAE04EC0-301F-11D3-BF4B-00C04F79EFBC}") = "FW.Common", "FW.Common\FW.Common.csproj", "{671584E6-8EFC-4082-93FF-86AC2982036A}"
EndProject
Project("{FAE04EC0-301F-11D3-BF4B-00C04F79EFBC}") = "LotteryWeb", "LotteryWeb\LotteryWeb.csproj", "{8004F325-E0AE-4779-B7B4-7A11CADBA101}"
EndProject
Project("{FAE04EC0-301F-11D3-BF4B-00C04F79EFBC}") = "FW.Dal", "FW.Dal\FW.Dal.csproj", "{3EDAB720-D175-40A5-8B45-9E0627991017}"
EndProject
Project("{FAE04EC0-301F-11D3-BF4B-00C04F79EFBC}") = "FW.Model", "FW.Model\FW.Model.csproj", "{E0965A2A-DCDF-4FDB-B6E0-060FE085F408}"
EndProject
Project("{FAE04EC0-301F-11D3-BF4B-00C04F79EFBC}") = "TestsFW.Common", "TestsFW.Common\TestsFW.Common.csproj", "{8A03EF35-C2F4-48BA-8DCA-5D212F88F2DB}"
EndProject
Global
	GlobalSection(SolutionConfigurationPlatforms) = preSolution
		Debug|Any CPU = Debug|Any CPU
		Release|Any CPU = Release|Any CPU
	EndGlobalSection
	GlobalSection(ProjectConfigurationPlatforms) = postSolution
		{671584E6-8EFC-4082-93FF-86AC2982036A}.Debug|Any CPU.ActiveCfg = Debug|Any CPU
		{671584E6-8EFC-4082-93FF-86AC2982036A}.Debug|Any CPU.Build.0 = Debug|Any CPU
		{671584E6-8EFC-4082-93FF-86AC2982036A}.Release|Any CPU.ActiveCfg = Release|Any CPU
		{671584E6-8EFC-4082-93FF-86AC2982036A}.Release|Any CPU.Build.0 = Release|Any CPU
		{8004F325-E0AE-4779-B7B4-7A11CADBA101}.Debug|Any CPU.ActiveCfg = Debug|Any CPU
		{8004F325-E0AE-4779-B7B4-7A11CADBA101}.Debug|Any CPU.Build.0 = Debug|Any CPU
		{8004F325-E0AE-4779-B7B4-7A11CADBA101}.Release|Any CPU.ActiveCfg = Release|Any CPU
		{8004F325-E0AE-4779-B7B4-7A11CADBA101}.Release|Any CPU.Build.0 = Release|Any CPU
		{3EDAB720-D175-40A5-8B45-9E0627991017}.Debug|Any CPU.ActiveCfg = Debug|Any CPU
		{3EDAB720-D175-40A5-8B45-9E0627991017}.Debug|Any CPU.Build.0 = Debug|Any CPU
		{3EDAB720-D175-40A5-8B45-9E0627991017}.Release|Any CPU.ActiveCfg = Release|Any CPU
		{3EDAB720-D175-40A5-8B45-9E0627991017}.Release|Any CPU.Build.0 = Release|Any CPU
		{E0965A2A-DCDF-4FDB-B6E0-060FE085F408}.Debug|Any CPU.ActiveCfg = Debug|Any CPU
		{E0965A2A-DCDF-4FDB-B6E0-060FE085F408}.Debug|Any CPU.Build.0 = Debug|Any CPU
		{E0965A2A-DCDF-4FDB-B6E0-060FE085F408}.Release|Any CPU.ActiveCfg = Release|Any CPU
		{E0965A2A-DCDF-4FDB-B6E0-060FE085F408}.Release|Any CPU.Build.0 = Release|Any CPU
		{8A03EF35-C2F4-48BA-8DCA-5D212F88F2DB}.Debug|Any CPU.ActiveCfg = Debug|Any CPU
		{8A03EF35-C2F4-48BA-8DCA-5D212F88F2DB}.Debug|Any CPU.Build.0 = Debug|Any CPU
		{8A03EF35-C2F4-48BA-8DCA-5D212F88F2DB}.Release|Any CPU.ActiveCfg = Release|Any CPU
		{8A03EF35-C2F4-48BA-8DCA-5D212F88F2DB}.Release|Any CPU.Build.0 = Release|Any CPU
	EndGlobalSection
	GlobalSection(SolutionProperties) = preSolution
		HideSolutionNode = FALSE
	EndGlobalSection
EndGlobal
